
Microsoft Visual Studio Solution File, Format Version 12.00
# Visual Studio Version 17
VisualStudioVersion = 17.0.32126.317
MinimumVisualStudioVersion = 10.0.40219.1
Project("{FAE04EC0-301F-11D3-BF4B-00C04F79EFBC}") = "GettingStarted3", "GettingStarted3\GettingStarted3.csproj", "{02EDE246-9DB7-4834-B69E-04463C714B5A}"
EndProject
Global
	GlobalSection(SolutionConfigurationPlatforms) = preSolution
		Debug|Any CPU = Debug|Any CPU
		Release|Any CPU = Release|Any CPU
	EndGlobalSection
	GlobalSection(ProjectConfigurationPlatforms) = postSolution
		{02EDE246-9DB7-4834-B69E-04463C714B5A}.Debug|Any CPU.ActiveCfg = Debug|Any CPU
		{02EDE246-9DB7-4834-B69E-04463C714B5A}.Debug|Any CPU.Build.0 = Debug|Any CPU
		{02EDE246-9DB7-4834-B69E-04463C714B5A}.Release|Any CPU.ActiveCfg = Release|Any CPU
		{02EDE246-9DB7-4834-B69E-04463C714B5A}.Release|Any CPU.Build.0 = Release|Any CPU
	EndGlobalSection
	GlobalSection(SolutionProperties) = preSolution
		HideSolutionNode = FALSE
	EndGlobalSection
	GlobalSection(ExtensibilityGlobals) = postSolution
		SolutionGuid = {7D3CEC2D-46C7-454A-8FE7-50A55A096298}
	EndGlobalSection
EndGlobal
